
Microsoft Visual Studio Solution File, Format Version 12.00
# Visual Studio Version 17
VisualStudioVersion = 17.6.33723.286
MinimumVisualStudioVersion = 10.0.40219.1
Project("{FAE04EC0-301F-11D3-BF4B-00C04F79EFBC}") = "MidAssignment", "MidAssignment.csproj", "{F2A2E021-04B0-49C5-9DDF-1AF39328D715}"
EndProject
Global
	GlobalSection(SolutionConfigurationPlatforms) = preSolution
		Debug|Any CPU = Debug|Any CPU
		Release|Any CPU = Release|Any CPU
	EndGlobalSection
	GlobalSection(ProjectConfigurationPlatforms) = postSolution
		{F2A2E021-04B0-49C5-9DDF-1AF39328D715}.Debug|Any CPU.ActiveCfg = Debug|Any CPU
		{F2A2E021-04B0-49C5-9DDF-1AF39328D715}.Debug|Any CPU.Build.0 = Debug|Any CPU
		{F2A2E021-04B0-49C5-9DDF-1AF39328D715}.Release|Any CPU.ActiveCfg = Release|Any CPU
		{F2A2E021-04B0-49C5-9DDF-1AF39328D715}.Release|Any CPU.Build.0 = Release|Any CPU
	EndGlobalSection
	GlobalSection(SolutionProperties) = preSolution
		HideSolutionNode = FALSE
	EndGlobalSection
	GlobalSection(ExtensibilityGlobals) = postSolution
		SolutionGuid = {1F7AB9E9-4FE3-4462-AF4F-9F9E1BBC45F1}
	EndGlobalSection
EndGlobal
